{
  "nodes": {
    "darwin": {
      "inputs": {
        "nixpkgs": [
          "nixpkgs"
        ]
      },
      "locked": {
        "lastModified": 1724994893,
        "narHash": "sha256-yutISDGg6HUaZqCaa54EcsfTwew3vhNtt/FNXBBo44g=",
        "owner": "lnl7",
        "repo": "nix-darwin",
        "rev": "c8d3157d1f768e382de5526bb38e74d2245cad04",
        "type": "github"
      },
      "original": {
        "owner": "lnl7",
        "ref": "master",
        "repo": "nix-darwin",
        "type": "github"
      }
    },
    "nixpkgs": {
      "locked": {
        "lastModified": 1725062077,
        "narHash": "sha256-ARdb2SNoV+zAN80CXeweNm3FZ8NWLmVna7mGKWVONeE=",
        "owner": "nixos",
        "repo": "nixpkgs",
        "rev": "be55bcada114b8e0385544b15cc4bc2148046aee",
        "type": "github"
      },
      "original": {
        "owner": "nixos",
        "ref": "nixpkgs-24.05-darwin",
        "repo": "nixpkgs",
        "type": "github"
      }
    },
    "root": {
      "inputs": {
        "darwin": "darwin",
        "nixpkgs": "nixpkgs"
      }
    }
  },
  "root": "root",
  "version": 7
}
